
Microsoft Visual Studio Solution File, Format Version 12.00
# Visual Studio Version 16
VisualStudioVersion = 16.0.28621.142
MinimumVisualStudioVersion = 10.0.40219.1
Project("{8BC9CEB8-8B4A-11D0-8D11-00A0C91BC942}") = "FileToCArray", "FileToCArray.vcxproj", "{BE6E0675-39B7-4904-A11D-CC838FF3D977}"
EndProject
Global
	GlobalSection(SolutionConfigurationPlatforms) = preSolution
		Debug|x64 = Debug|x64
		Debug|x86 = Debug|x86
		Release|x64 = Release|x64
		Release|x86 = Release|x86
	EndGlobalSection
	GlobalSection(ProjectConfigurationPlatforms) = postSolution
		{BE6E0675-39B7-4904-A11D-CC838FF3D977}.Debug|x64.ActiveCfg = Debug|x64
		{BE6E0675-39B7-4904-A11D-CC838FF3D977}.Debug|x64.Build.0 = Debug|x64
		{BE6E0675-39B7-4904-A11D-CC838FF3D977}.Debug|x86.ActiveCfg = Debug|Win32
		{BE6E0675-39B7-4904-A11D-CC838FF3D977}.Debug|x86.Build.0 = Debug|Win32
		{BE6E0675-39B7-4904-A11D-CC838FF3D977}.Release|x64.ActiveCfg = Release|x64
		{BE6E0675-39B7-4904-A11D-CC838FF3D977}.Release|x64.Build.0 = Release|x64
		{BE6E0675-39B7-4904-A11D-CC838FF3D977}.Release|x86.ActiveCfg = Release|Win32
		{BE6E0675-39B7-4904-A11D-CC838FF3D977}.Release|x86.Build.0 = Release|Win32
	EndGlobalSection
	GlobalSection(SolutionProperties) = preSolution
		HideSolutionNode = FALSE
	EndGlobalSection
	GlobalSection(ExtensibilityGlobals) = postSolution
		SolutionGuid = {5DE1A4E8-D271-4329-BF21-5158874D04DA}
	EndGlobalSection
EndGlobal
